
Microsoft Visual Studio Solution File, Format Version 12.00
# Visual Studio Version 17
VisualStudioVersion = 17.9.34728.123
MinimumVisualStudioVersion = 10.0.40219.1
Project("{FAE04EC0-301F-11D3-BF4B-00C04F79EFBC}") = "Attendence_system", "Attendence_system\Attendence_system.csproj", "{8019D313-DBDC-4ACD-84E6-837733A095AC}"
EndProject
Global
	GlobalSection(SolutionConfigurationPlatforms) = preSolution
		Debug|Any CPU = Debug|Any CPU
		Release|Any CPU = Release|Any CPU
	EndGlobalSection
	GlobalSection(ProjectConfigurationPlatforms) = postSolution
		{8019D313-DBDC-4ACD-84E6-837733A095AC}.Debug|Any CPU.ActiveCfg = Debug|Any CPU
		{8019D313-DBDC-4ACD-84E6-837733A095AC}.Debug|Any CPU.Build.0 = Debug|Any CPU
		{8019D313-DBDC-4ACD-84E6-837733A095AC}.Release|Any CPU.ActiveCfg = Release|Any CPU
		{8019D313-DBDC-4ACD-84E6-837733A095AC}.Release|Any CPU.Build.0 = Release|Any CPU
	EndGlobalSection
	GlobalSection(SolutionProperties) = preSolution
		HideSolutionNode = FALSE
	EndGlobalSection
	GlobalSection(ExtensibilityGlobals) = postSolution
		SolutionGuid = {CA05BD63-F1BB-4B8B-BF61-2552DC892F45}
	EndGlobalSection
EndGlobal
